
Microsoft Visual Studio Solution File, Format Version 12.00
# Visual Studio Version 17
VisualStudioVersion = 17.11.35312.102
MinimumVisualStudioVersion = 10.0.40219.1
Project("{FAE04EC0-301F-11D3-BF4B-00C04F79EFBC}") = "ConsoleApp7", "ConsoleApp7\ConsoleApp7.csproj", "{7E633856-6D47-4D80-9C05-038BBF727665}"
EndProject
Global
	GlobalSection(SolutionConfigurationPlatforms) = preSolution
		Debug|Any CPU = Debug|Any CPU
		Release|Any CPU = Release|Any CPU
	EndGlobalSection
	GlobalSection(ProjectConfigurationPlatforms) = postSolution
		{7E633856-6D47-4D80-9C05-038BBF727665}.Debug|Any CPU.ActiveCfg = Debug|Any CPU
		{7E633856-6D47-4D80-9C05-038BBF727665}.Debug|Any CPU.Build.0 = Debug|Any CPU
		{7E633856-6D47-4D80-9C05-038BBF727665}.Release|Any CPU.ActiveCfg = Release|Any CPU
		{7E633856-6D47-4D80-9C05-038BBF727665}.Release|Any CPU.Build.0 = Release|Any CPU
	EndGlobalSection
	GlobalSection(SolutionProperties) = preSolution
		HideSolutionNode = FALSE
	EndGlobalSection
	GlobalSection(ExtensibilityGlobals) = postSolution
		SolutionGuid = {649EF0C1-AFAF-4BBC-96A1-8F4690308C7A}
	EndGlobalSection
EndGlobal
